// !$*UTF8*$!
{
	archiveVersion = 1;
	classes = {
	};
	objectVersion = 46;
	objects = {

/* Begin PBXBuildFile section */
		730D49011DE38C03005740BA /* AppDelegate.swift in Sources */ = {isa = PBXBuildFile; fileRef = 730D49001DE38C03005740BA /* AppDelegate.swift */; };
		730D49031DE38C03005740BA /* ViewController.swift in Sources */ = {isa = PBXBuildFile; fileRef = 730D49021DE38C03005740BA /* ViewController.swift */; };
		730D49061DE38C03005740BA /* Main.storyboard in Resources */ = {isa = PBXBuildFile; fileRef = 730D49041DE38C03005740BA /* Main.storyboard */; };
		730D49081DE38C03005740BA /* Assets.xcassets in Resources */ = {isa = PBXBuildFile; fileRef = 730D49071DE38C03005740BA /* Assets.xcassets */; };
		730D490B1DE38C03005740BA /* LaunchScreen.storyboard in Resources */ = {isa = PBXBuildFile; fileRef = 730D49091DE38C03005740BA /* LaunchScreen.storyboard */; };
/* End PBXBuildFile section */

/* Begin PBXFileReference section */
		730D48FD1DE38C03005740BA /* LastOne.app */ = {isa = PBXFileReference; explicitFileType = wrapper.application; includeInIndex = 0; path = LastOne.app; sourceTree = BUILT_PRODUCTS_DIR; };
		730D49001DE38C03005740BA /* AppDelegate.swift */ = {isa = PBXFileReference; lastKnownFileType = sourcecode.swift; path = AppDelegate.swift; sourceTree = "<group>"; };
		730D49021DE38C03005740BA /* ViewController.swift */ = {isa = PBXFileReference; lastKnownFileType = sourcecode.swift; path = ViewController.swift; sourceTree = "<group>"; };
		730D49051DE38C03005740BA /* Base */ = {isa = PBXFileReference; lastKnownFileType = file.storyboard; name = Base; path = Base.lproj/Main.storyboard; sourceTree = "<group>"; };
		730D49071DE38C03005740BA /* Assets.xcassets */ = {isa = PBXFileReference; lastKnownFileType = folder.assetcatalog; path = Assets.xcassets; sourceTree = "<group>"; };
		730D490A1DE38C03005740BA /* Base */ = {isa = PBXFileReference; lastKnownFileType = file.storyboard; name = Base; path = Base.lproj/LaunchScreen.storyboard; sourceTree = "<group>"; };
		730D490C1DE38C03005740BA /* Info.plist */ = {isa = PBXFileReference; lastKnownFileType = text.plist.xml; path = Info.plist; sourceTree = "<group>"; };
/* End PBXFileReference section */

/* Begin PBXFrameworksBuildPhase section */
		730D48FA1DE38C03005740BA /* Frameworks */ = {
			isa = PBXFrameworksBuildPhase;
			buildActionMask = 2147483647;
			files = (
			);
			runOnlyForDeploymentPostprocessing = 0;
		};
/* End PBXFrameworksBuildPhase section */

/* Begin PBXGroup section */
		730D48F41DE38C03005740BA = {
			isa = PBXGroup;
			children = (
				730D48FF1DE38C03005740BA /* LastOne */,
				730D48FE1DE38C03005740BA /* Products */,
			);
			sourceTree = "<group>";
		};
		730D48FE1DE38C03005740BA /* Products */ = {
			isa = PBXGroup;
			children = (
				730D48FD1DE38C03005740BA /* LastOne.app */,
			);
			name = Products;
			sourceTree = "<group>";
		};
		730D48FF1DE38C03005740BA /* LastOne */ = {
			isa = PBXGroup;
			children = (
				730D49001DE38C03005740BA /* AppDelegate.swift */,
				730D49021DE38C03005740BA /* ViewController.swift */,
				730D49041DE38C03005740BA /* Main.storyboard */,
				730D49071DE38C03005740BA /* Assets.xcassets */,
				730D49091DE38C03005740BA /* LaunchScreen.storyboard */,
				730D490C1DE38C03005740BA /* Info.plist */,
			);
			path = LastOne;
			sourceTree = "<group>";
		};
/* End PBXGroup section */

/* Begin PBXNativeTarget section */
		730D48FC1DE38C03005740BA /* LastOne */ = {
			isa = PBXNativeTarget;
			buildConfigurationList = 730D490F1DE38C03005740BA /* Build configuration list for PBXNativeTarget "LastOne" */;
			buildPhases = (
				730D48F91DE38C03005740BA /* Sources */,
				730D48FA1DE38C03005740BA /* Frameworks */,
				730D48FB1DE38C03005740BA /* Resources */,
			);
			buildRules = (
			);
			dependencies = (
			);
			name = LastOne;
			productName = LastOne;
			productReference = 730D48FD1DE38C03005740BA /* LastOne.app */;
			productType = "com.apple.product-type.application";
		};
/* End PBXNativeTarget section */

/* Begin PBXProject section */
		730D48F51DE38C03005740BA /* Project object */ = {
			isa = PBXProject;
			attributes = {
				LastSwiftUpdateCheck = 0810;
				LastUpgradeCheck = 0810;
				ORGANIZATIONNAME = "TOM JOHNSON";
				TargetAttributes = {
					730D48FC1DE38C03005740BA = {
						CreatedOnToolsVersion = 8.1;
						ProvisioningStyle = Automatic;
					};
				};
			};
			buildConfigurationList = 730D48F81DE38C03005740BA /* Build configuration list for PBXProject "LastOne" */;
			compatibilityVersion = "Xcode 3.2";
			developmentRegion = English;
			hasScannedForEncodings = 0;
			knownRegions = (
				en,
				Base,
			);
			mainGroup = 730D48F41DE38C03005740BA;
			productRefGroup = 730D48FE1DE38C03005740BA /* Products */;
			projectDirPath = "";
			projectRoot = "";
			targets = (
				730D48FC1DE38C03005740BA /* LastOne */,
			);
		};
/* End PBXProject section */

/* Begin PBXResourcesBuildPhase section */
		730D48FB1DE38C03005740BA /* Resources */ = {
			isa = PBXResourcesBuildPhase;
			buildActionMask = 2147483647;
			files = (
				730D490B1DE38C03005740BA /* LaunchScreen.storyboard in Resources */,
				730D49081DE38C03005740BA /* Assets.xcassets in Resources */,
				730D49061DE38C03005740BA /* Main.storyboard in Resources */,
			);
			runOnlyForDeploymentPostprocessing = 0;
		};
/* End PBXResourcesBuildPhase section */

/* Begin PBXSourcesBuildPhase section */
		730D48F91DE38C03005740BA /* Sources */ = {
			isa = PBXSourcesBuildPhase;
			buildActionMask = 2147483647;
			files = (
				730D49031DE38C03005740BA /* ViewController.swift in Sources */,
				730D49011DE38C03005740BA /* AppDelegate.swift in Sources */,
			);
			runOnlyForDeploymentPostprocessing = 0;
		};
/* End PBXSourcesBuildPhase section */

/* Begin PBXVariantGroup section */
		730D49041DE38C03005740BA /* Main.storyboard */ = {
			isa = PBXVariantGroup;
			children = (
				730D49051DE38C03005740BA /* Base */,
			);
			name = Main.storyboard;
			sourceTree = "<group>";
		};
		730D49091DE38C03005740BA /* LaunchScreen.storyboard */ = {
			isa = PBXVariantGroup;
			children = (
				730D490A1DE38C03005740BA /* Base */,
			);
			name = LaunchScreen.storyboard;
			sourceTree = "<group>";
		};
/* End PBXVariantGroup section */

/* Begin XCBuildConfiguration section */
		730D490D1DE38C03005740BA /* Debug */ = {
			isa = XCBuildConfiguration;
			buildSettings = {
				ALWAYS_SEARCH_USER_PATHS = NO;
				CLANG_ANALYZER_NONNULL = YES;
				CLANG_CXX_LANGUAGE_STANDARD = "gnu++0x";
				CLANG_CXX_LIBRARY = "libc++";
				CLANG_ENABLE_MODULES = YES;
				CLANG_ENABLE_OBJC_ARC = YES;
				CLANG_WARN_BOOL_CONVERSION = YES;
				CLANG_WARN_CONSTANT_CONVERSION = YES;
				CLANG_WARN_DIRECT_OBJC_ISA_USAGE = YES_ERROR;
				CLANG_WARN_DOCUMENTATION_COMMENTS = YES;
				CLANG_WARN_EMPTY_BODY = YES;
				CLANG_WARN_ENUM_CONVERSION = YES;
				CLANG_WARN_INFINITE_RECURSION = YES;
				CLANG_WARN_INT_CONVERSION = YES;
				CLANG_WARN_OBJC_ROOT_CLASS = YES_ERROR;
				CLANG_WARN_SUSPICIOUS_MOVES = YES;
				CLANG_WARN_UNREACHABLE_CODE = YES;
				CLANG_WARN__DUPLICATE_METHOD_MATCH = YES;
				"CODE_SIGN_IDENTITY[sdk=iphoneos*]" = "iPhone Developer";
				COPY_PHASE_STRIP = NO;
				DEBUG_INFORMATION_FORMAT = dwarf;
				ENABLE_STRICT_OBJC_MSGSEND = YES;
				ENABLE_TESTABILITY = YES;
				GCC_C_LANGUAGE_STANDARD = gnu99;
				GCC_DYNAMIC_NO_PIC = NO;
				GCC_NO_COMMON_BLOCKS = YES;
				GCC_OPTIMIZATION_LEVEL = 0;
				GCC_PREPROCESSOR_DEFINITIONS = (
					"DEBUG=1",
					"$(inherited)",
				);
				GCC_WARN_64_TO_32_BIT_CONVERSION = YES;
				GCC_WARN_ABOUT_RETURN_TYPE = YES_ERROR;
				GCC_WARN_UNDECLARED_SELECTOR = YES;
				GCC_WARN_UNINITIALIZED_AUTOS = YES_AGGRESSIVE;
				GCC_WARN_UNUSED_FUNCTION = YES;
				GCC_WARN_UNUSED_VARIABLE = YES;
				IPHONEOS_DEPLOYMENT_TARGET = 10.1;
				MTL_ENABLE_DEBUG_INFO = YES;
				ONLY_ACTIVE_ARCH = YES;
				SDKROOT = iphoneos;
				SWIFT_ACTIVE_COMPILATION_CONDITIONS = DEBUG;
				SWIFT_OPTIMIZATION_LEVEL = "-Onone";
				TARGETED_DEVICE_FAMILY = "1,2";
			};
			name = Debug;
		};
		730D490E1DE38C03005740BA /* Release */ = {
			isa = XCBuildConfiguration;
			buildSettings = {
				ALWAYS_SEARCH_USER_PATHS = NO;
				CLANG_ANALYZER_NONNULL = YES;
				CLANG_CXX_LANGUAGE_STANDARD = "gnu++0x";
				CLANG_CXX_LIBRARY = "libc++";
				CLANG_ENABLE_MODULES = YES;
				CLANG_ENABLE_OBJC_ARC = YES;
				CLANG_WARN_BOOL_CONVERSION = YES;
				CLANG_WARN_CONSTANT_CONVERSION = YES;
				CLANG_WARN_DIRECT_OBJC_ISA_USAGE = YES_ERROR;
				CLANG_WARN_DOCUMENTATION_COMMENTS = YES;
				CLANG_WARN_EMPTY_BODY = YES;
				CLANG_WARN_ENUM_CONVERSION = YES;
				CLANG_WARN_INFINITE_RECURSION = YES;
				CLANG_WARN_INT_CONVERSION = YES;
				CLANG_WARN_OBJC_ROOT_CLASS = YES_ERROR;
				CLANG_WARN_SUSPICIOUS_MOVES = YES;
				CLANG_WARN_UNREACHABLE_CODE = YES;
				CLANG_WARN__DUPLICATE_METHOD_MATCH = YES;
				"CODE_SIGN_IDENTITY[sdk=iphoneos*]" = "iPhone Developer";
				COPY_PHASE_STRIP = NO;
				DEBUG_INFORMATION_FORMAT = "dwarf-with-dsym";
				ENABLE_NS_ASSERTIONS = NO;
				ENABLE_STRICT_OBJC_MSGSEND = YES;
				GCC_C_LANGUAGE_STANDARD = gnu99;
				GCC_NO_COMMON_BLOCKS = YES;
				GCC_WARN_64_TO_32_BIT_CONVERSION = YES;
				GCC_WARN_ABOUT_RETURN_TYPE = YES_ERROR;
				GCC_WARN_UNDECLARED_SELECTOR = YES;
				GCC_WARN_UNINITIALIZED_AUTOS = YES_AGGRESSIVE;
				GCC_WARN_UNUSED_FUNCTION = YES;
				GCC_WARN_UNUSED_VARIABLE = YES;
				IPHONEOS_DEPLOYMENT_TARGET = 10.1;
				MTL_ENABLE_DEBUG_INFO = NO;
				SDKROOT = iphoneos;
				SWIFT_OPTIMIZATION_LEVEL = "-Owholemodule";
				TARGETED_DEVICE_FAMILY = "1,2";
				VALIDATE_PRODUCT = YES;
			};
			name = Release;
		};
		730D49101DE38C03005740BA /* Debug */ = {
			isa = XCBuildConfiguration;
			buildSettings = {
				ASSETCATALOG_COMPILER_APPICON_NAME = AppIcon;
				INFOPLIST_FILE = LastOne/Info.plist;
				LD_RUNPATH_SEARCH_PATHS = "$(inherited) @executable_path/Frameworks";
				PRODUCT_BUNDLE_IDENTIFIER = com.JohnsonLLC.LastOne;
				PRODUCT_NAME = "$(TARGET_NAME)";
				SWIFT_VERSION = 3.0;
			};
			name = Debug;
		};
		730D49111DE38C03005740BA /* Release */ = {
			isa = XCBuildConfiguration;
			buildSettings = {
				ASSETCATALOG_COMPILER_APPICON_NAME = AppIcon;
				INFOPLIST_FILE = LastOne/Info.plist;
				LD_RUNPATH_SEARCH_PATHS = "$(inherited) @executable_path/Frameworks";
				PRODUCT_BUNDLE_IDENTIFIER = com.JohnsonLLC.LastOne;
				PRODUCT_NAME = "$(TARGET_NAME)";
				SWIFT_VERSION = 3.0;
			};
			name = Release;
		};
/* End XCBuildConfiguration section */

/* Begin XCConfigurationList section */
		730D48F81DE38C03005740BA /* Build configuration list for PBXProject "LastOne" */ = {
			isa = XCConfigurationList;
			buildConfigurations = (
				730D490D1DE38C03005740BA /* Debug */,
				730D490E1DE38C03005740BA /* Release */,
			);
			defaultConfigurationIsVisible = 0;
			defaultConfigurationName = Release;
		};
		730D490F1DE38C03005740BA /* Build configuration list for PBXNativeTarget "LastOne" */ = {
			isa = XCConfigurationList;
			buildConfigurations = (
				730D49101DE38C03005740BA /* Debug */,
				730D49111DE38C03005740BA /* Release */,
			);
			defaultConfigurationIsVisible = 0;
		};
/* End XCConfigurationList section */
	};
	rootObject = 730D48F51DE38C03005740BA /* Project object */;
}
